
Microsoft Visual Studio Solution File, Format Version 12.00
# Visual Studio Version 17
VisualStudioVersion = 17.1.32210.238
MinimumVisualStudioVersion = 10.0.40219.1
Project("{FAE04EC0-301F-11D3-BF4B-00C04F79EFBC}") = "ToDoListFinal", "ToDoListFinal\ToDoListFinal.csproj", "{AEF0DF4C-B457-4EBE-A76F-18F6F3C32D8B}"
EndProject
Global
	GlobalSection(SolutionConfigurationPlatforms) = preSolution
		Debug|Any CPU = Debug|Any CPU
		Release|Any CPU = Release|Any CPU
	EndGlobalSection
	GlobalSection(ProjectConfigurationPlatforms) = postSolution
		{AEF0DF4C-B457-4EBE-A76F-18F6F3C32D8B}.Debug|Any CPU.ActiveCfg = Debug|Any CPU
		{AEF0DF4C-B457-4EBE-A76F-18F6F3C32D8B}.Debug|Any CPU.Build.0 = Debug|Any CPU
		{AEF0DF4C-B457-4EBE-A76F-18F6F3C32D8B}.Release|Any CPU.ActiveCfg = Release|Any CPU
		{AEF0DF4C-B457-4EBE-A76F-18F6F3C32D8B}.Release|Any CPU.Build.0 = Release|Any CPU
	EndGlobalSection
	GlobalSection(SolutionProperties) = preSolution
		HideSolutionNode = FALSE
	EndGlobalSection
	GlobalSection(ExtensibilityGlobals) = postSolution
		SolutionGuid = {A0F821E6-EAED-4FA4-9B6C-54C8B39B46EE}
	EndGlobalSection
EndGlobal
